
Microsoft Visual Studio Solution File, Format Version 12.00
# Visual Studio 2012
Project("{FAE04EC0-301F-11D3-BF4B-00C04F79EFBC}") = "BizTalkComponents.Utils.LookupUtils", "Src\LookupUtils\BizTalkComponents.Utils.LookupUtils.csproj", "{905E6D2C-E3B6-45B7-B663-2F50B67D09E0}"
EndProject
Project("{2150E333-8FDC-42A3-9474-1A3956D46DE8}") = "Build", "Build", "{291750F8-3A7F-4D34-A46B-0C03BDB9E0CE}"
	ProjectSection(SolutionItems) = preProject
		Build\Build.proj = Build\Build.proj
	EndProjectSection
EndProject
Global
	GlobalSection(SolutionConfigurationPlatforms) = preSolution
		Debug|Any CPU = Debug|Any CPU
		Release|Any CPU = Release|Any CPU
	EndGlobalSection
	GlobalSection(ProjectConfigurationPlatforms) = postSolution
		{905E6D2C-E3B6-45B7-B663-2F50B67D09E0}.Debug|Any CPU.ActiveCfg = Debug|Any CPU
		{905E6D2C-E3B6-45B7-B663-2F50B67D09E0}.Debug|Any CPU.Build.0 = Debug|Any CPU
		{905E6D2C-E3B6-45B7-B663-2F50B67D09E0}.Release|Any CPU.ActiveCfg = Release|Any CPU
		{905E6D2C-E3B6-45B7-B663-2F50B67D09E0}.Release|Any CPU.Build.0 = Release|Any CPU
	EndGlobalSection
	GlobalSection(SolutionProperties) = preSolution
		HideSolutionNode = FALSE
	EndGlobalSection
EndGlobal
